
Microsoft Visual Studio Solution File, Format Version 12.00
# Visual Studio 2012
Project("{FAE04EC0-301F-11D3-BF4B-00C04F79EFBC}") = "RenderCmd", "RenderCmd\RenderCmd.csproj", "{D135EA15-4C7D-4C57-AA79-DF0A4BE8DC76}"
EndProject
Project("{FAE04EC0-301F-11D3-BF4B-00C04F79EFBC}") = "AzureBlobCopy", "AzureBlobCopy\AzureBlobCopy.csproj", "{B330EA3E-CACE-42D6-A222-BAFE76F7FD22}"
EndProject
Project("{FAE04EC0-301F-11D3-BF4B-00C04F79EFBC}") = "AzureUtilities", "AzureUtilities\AzureUtilities.csproj", "{1FB0BEF7-97AB-4EC7-9C49-6038856E503F}"
EndProject
Project("{2150E333-8FDC-42A3-9474-1A3956D46DE8}") = "Deployment", "Deployment", "{1E267E7E-71DB-4EBE-A69C-D83D38FD36F3}"
	ProjectSection(SolutionItems) = preProject
		Deployment\deploy.cmd = Deployment\deploy.cmd
	EndProjectSection
EndProject
Global
	GlobalSection(SolutionConfigurationPlatforms) = preSolution
		Debug|Any CPU = Debug|Any CPU
		Debug|Mixed Platforms = Debug|Mixed Platforms
		Debug|x64 = Debug|x64
		Debug|x86 = Debug|x86
		Release|Any CPU = Release|Any CPU
		Release|Mixed Platforms = Release|Mixed Platforms
		Release|x64 = Release|x64
		Release|x86 = Release|x86
	EndGlobalSection
	GlobalSection(ProjectConfigurationPlatforms) = postSolution
		{D135EA15-4C7D-4C57-AA79-DF0A4BE8DC76}.Debug|Any CPU.ActiveCfg = Debug|x86
		{D135EA15-4C7D-4C57-AA79-DF0A4BE8DC76}.Debug|Any CPU.Build.0 = Debug|x86
		{D135EA15-4C7D-4C57-AA79-DF0A4BE8DC76}.Debug|Mixed Platforms.ActiveCfg = Debug|Any CPU
		{D135EA15-4C7D-4C57-AA79-DF0A4BE8DC76}.Debug|Mixed Platforms.Build.0 = Debug|Any CPU
		{D135EA15-4C7D-4C57-AA79-DF0A4BE8DC76}.Debug|x64.ActiveCfg = Debug|x64
		{D135EA15-4C7D-4C57-AA79-DF0A4BE8DC76}.Debug|x64.Build.0 = Debug|x64
		{D135EA15-4C7D-4C57-AA79-DF0A4BE8DC76}.Debug|x86.ActiveCfg = Debug|x86
		{D135EA15-4C7D-4C57-AA79-DF0A4BE8DC76}.Debug|x86.Build.0 = Debug|x86
		{D135EA15-4C7D-4C57-AA79-DF0A4BE8DC76}.Release|Any CPU.ActiveCfg = Release|x64
		{D135EA15-4C7D-4C57-AA79-DF0A4BE8DC76}.Release|Mixed Platforms.ActiveCfg = Release|x64
		{D135EA15-4C7D-4C57-AA79-DF0A4BE8DC76}.Release|Mixed Platforms.Build.0 = Release|x64
		{D135EA15-4C7D-4C57-AA79-DF0A4BE8DC76}.Release|x64.ActiveCfg = Release|x64
		{D135EA15-4C7D-4C57-AA79-DF0A4BE8DC76}.Release|x64.Build.0 = Release|x64
		{D135EA15-4C7D-4C57-AA79-DF0A4BE8DC76}.Release|x86.ActiveCfg = Release|x86
		{D135EA15-4C7D-4C57-AA79-DF0A4BE8DC76}.Release|x86.Build.0 = Release|x86
		{B330EA3E-CACE-42D6-A222-BAFE76F7FD22}.Debug|Any CPU.ActiveCfg = Debug|x86
		{B330EA3E-CACE-42D6-A222-BAFE76F7FD22}.Debug|Any CPU.Build.0 = Debug|x86
		{B330EA3E-CACE-42D6-A222-BAFE76F7FD22}.Debug|Mixed Platforms.ActiveCfg = Debug|Any CPU
		{B330EA3E-CACE-42D6-A222-BAFE76F7FD22}.Debug|Mixed Platforms.Build.0 = Debug|Any CPU
		{B330EA3E-CACE-42D6-A222-BAFE76F7FD22}.Debug|x64.ActiveCfg = Debug|x86
		{B330EA3E-CACE-42D6-A222-BAFE76F7FD22}.Debug|x86.ActiveCfg = Debug|x86
		{B330EA3E-CACE-42D6-A222-BAFE76F7FD22}.Debug|x86.Build.0 = Debug|x86
		{B330EA3E-CACE-42D6-A222-BAFE76F7FD22}.Release|Any CPU.ActiveCfg = Release|x86
		{B330EA3E-CACE-42D6-A222-BAFE76F7FD22}.Release|Mixed Platforms.ActiveCfg = Release|x86
		{B330EA3E-CACE-42D6-A222-BAFE76F7FD22}.Release|Mixed Platforms.Build.0 = Release|x86
		{B330EA3E-CACE-42D6-A222-BAFE76F7FD22}.Release|x64.ActiveCfg = Release|x86
		{B330EA3E-CACE-42D6-A222-BAFE76F7FD22}.Release|x86.ActiveCfg = Release|x86
		{B330EA3E-CACE-42D6-A222-BAFE76F7FD22}.Release|x86.Build.0 = Release|x86
		{1FB0BEF7-97AB-4EC7-9C49-6038856E503F}.Debug|Any CPU.ActiveCfg = Debug|Any CPU
		{1FB0BEF7-97AB-4EC7-9C49-6038856E503F}.Debug|Any CPU.Build.0 = Debug|Any CPU
		{1FB0BEF7-97AB-4EC7-9C49-6038856E503F}.Debug|Mixed Platforms.ActiveCfg = Debug|Any CPU
		{1FB0BEF7-97AB-4EC7-9C49-6038856E503F}.Debug|Mixed Platforms.Build.0 = Debug|Any CPU
		{1FB0BEF7-97AB-4EC7-9C49-6038856E503F}.Debug|x64.ActiveCfg = Debug|Any CPU
		{1FB0BEF7-97AB-4EC7-9C49-6038856E503F}.Debug|x86.ActiveCfg = Debug|Any CPU
		{1FB0BEF7-97AB-4EC7-9C49-6038856E503F}.Release|Any CPU.ActiveCfg = Release|Any CPU
		{1FB0BEF7-97AB-4EC7-9C49-6038856E503F}.Release|Any CPU.Build.0 = Release|Any CPU
		{1FB0BEF7-97AB-4EC7-9C49-6038856E503F}.Release|Mixed Platforms.ActiveCfg = Release|Any CPU
		{1FB0BEF7-97AB-4EC7-9C49-6038856E503F}.Release|Mixed Platforms.Build.0 = Release|Any CPU
		{1FB0BEF7-97AB-4EC7-9C49-6038856E503F}.Release|x64.ActiveCfg = Release|Any CPU
		{1FB0BEF7-97AB-4EC7-9C49-6038856E503F}.Release|x86.ActiveCfg = Release|Any CPU
	EndGlobalSection
	GlobalSection(SolutionProperties) = preSolution
		HideSolutionNode = FALSE
	EndGlobalSection
EndGlobal
